
Microsoft Visual Studio Solution File, Format Version 12.00
# Visual Studio Version 16
VisualStudioVersion = 16.0.29009.5
MinimumVisualStudioVersion = 10.0.40219.1
Project("{FAE04EC0-301F-11D3-BF4B-00C04F79EFBC}") = "EchoServer", "Chapter21 Network\EchoServer\EchoServer.csproj", "{2E4D0573-D778-433F-91DD-C3C50A0BBE90}"
EndProject
Project("{FAE04EC0-301F-11D3-BF4B-00C04F79EFBC}") = "EchoClient", "Chapter21 Network\EchoClient\EchoClient.csproj", "{9208B765-3B6F-4125-8336-6EFC20A4650F}"
EndProject
Global
	GlobalSection(SolutionConfigurationPlatforms) = preSolution
		Debug|Any CPU = Debug|Any CPU
		Release|Any CPU = Release|Any CPU
	EndGlobalSection
	GlobalSection(ProjectConfigurationPlatforms) = postSolution
		{2E4D0573-D778-433F-91DD-C3C50A0BBE90}.Debug|Any CPU.ActiveCfg = Debug|Any CPU
		{2E4D0573-D778-433F-91DD-C3C50A0BBE90}.Debug|Any CPU.Build.0 = Debug|Any CPU
		{2E4D0573-D778-433F-91DD-C3C50A0BBE90}.Release|Any CPU.ActiveCfg = Release|Any CPU
		{2E4D0573-D778-433F-91DD-C3C50A0BBE90}.Release|Any CPU.Build.0 = Release|Any CPU
		{9208B765-3B6F-4125-8336-6EFC20A4650F}.Debug|Any CPU.ActiveCfg = Debug|Any CPU
		{9208B765-3B6F-4125-8336-6EFC20A4650F}.Debug|Any CPU.Build.0 = Debug|Any CPU
		{9208B765-3B6F-4125-8336-6EFC20A4650F}.Release|Any CPU.ActiveCfg = Release|Any CPU
		{9208B765-3B6F-4125-8336-6EFC20A4650F}.Release|Any CPU.Build.0 = Release|Any CPU
	EndGlobalSection
	GlobalSection(SolutionProperties) = preSolution
		HideSolutionNode = FALSE
	EndGlobalSection
	GlobalSection(ExtensibilityGlobals) = postSolution
		SolutionGuid = {96C74B12-DE7B-4DEB-A36A-67AA6024B77F}
	EndGlobalSection
EndGlobal
